
Microsoft Visual Studio Solution File, Format Version 12.00
# Visual Studio Version 16
VisualStudioVersion = 16.0.31313.79
MinimumVisualStudioVersion = 10.0.40219.1
Project("{FAE04EC0-301F-11D3-BF4B-00C04F79EFBC}") = "RemoveWhiteSpace", "RemoveWhiteSpace\RemoveWhiteSpace.csproj", "{D155A2E3-0DF6-4C27-8091-4E740D49AD71}"
EndProject
Global
	GlobalSection(SolutionConfigurationPlatforms) = preSolution
		Debug|Any CPU = Debug|Any CPU
		Release|Any CPU = Release|Any CPU
	EndGlobalSection
	GlobalSection(ProjectConfigurationPlatforms) = postSolution
		{D155A2E3-0DF6-4C27-8091-4E740D49AD71}.Debug|Any CPU.ActiveCfg = Debug|Any CPU
		{D155A2E3-0DF6-4C27-8091-4E740D49AD71}.Debug|Any CPU.Build.0 = Debug|Any CPU
		{D155A2E3-0DF6-4C27-8091-4E740D49AD71}.Release|Any CPU.ActiveCfg = Release|Any CPU
		{D155A2E3-0DF6-4C27-8091-4E740D49AD71}.Release|Any CPU.Build.0 = Release|Any CPU
	EndGlobalSection
	GlobalSection(SolutionProperties) = preSolution
		HideSolutionNode = FALSE
	EndGlobalSection
	GlobalSection(ExtensibilityGlobals) = postSolution
		SolutionGuid = {3A968A30-2846-40D6-806B-1501173F7EF1}
	EndGlobalSection
EndGlobal
