
Microsoft Visual Studio Solution File, Format Version 12.00
# Visual Studio Version 16
VisualStudioVersion = 16.0.31313.79
MinimumVisualStudioVersion = 10.0.40219.1
Project("{FAE04EC0-301F-11D3-BF4B-00C04F79EFBC}") = "CalculateinterestWithEmЬeddedTest", "CalculateinterestWithEmЬeddedTest\CalculateinterestWithEmЬeddedTest.csproj", "{BCD5F88B-06A8-408E-93F1-923E1829D7ED}"
EndProject
Global
	GlobalSection(SolutionConfigurationPlatforms) = preSolution
		Debug|Any CPU = Debug|Any CPU
		Release|Any CPU = Release|Any CPU
	EndGlobalSection
	GlobalSection(ProjectConfigurationPlatforms) = postSolution
		{BCD5F88B-06A8-408E-93F1-923E1829D7ED}.Debug|Any CPU.ActiveCfg = Debug|Any CPU
		{BCD5F88B-06A8-408E-93F1-923E1829D7ED}.Debug|Any CPU.Build.0 = Debug|Any CPU
		{BCD5F88B-06A8-408E-93F1-923E1829D7ED}.Release|Any CPU.ActiveCfg = Release|Any CPU
		{BCD5F88B-06A8-408E-93F1-923E1829D7ED}.Release|Any CPU.Build.0 = Release|Any CPU
	EndGlobalSection
	GlobalSection(SolutionProperties) = preSolution
		HideSolutionNode = FALSE
	EndGlobalSection
	GlobalSection(ExtensibilityGlobals) = postSolution
		SolutionGuid = {3D6E65BB-3672-41AE-A01B-B384DB01D85D}
	EndGlobalSection
EndGlobal
